{
  "name": "FreemanPortfolio2024",
  "lockfileVersion": 3,
  "requires": true,
  "packages": {
    "": {
      "dependencies": {
        "@fontsource/outfit": "^5.0.14",
        "@fontsource/roboto": "^5.0.14"
      }
    },
    "node_modules/@fontsource/outfit": {
      "version": "5.0.14",
      "resolved": "https://registry.npmjs.org/@fontsource/outfit/-/outfit-5.0.14.tgz",
      "integrity": "sha512-GVxAiTRl4lqvM2nNaW03sDPk1QL/4wOF2TZZOLghH5f4j4+yyZDrNXA16kietWaxnFqnZFnmctQTBQ1T8mi7OQ=="
    },
    "node_modules/@fontsource/roboto": {
      "version": "5.0.14",
      "resolved": "https://registry.npmjs.org/@fontsource/roboto/-/roboto-5.0.14.tgz",
      "integrity": "sha512-zHAxlTTm9RuRn9/StwclFJChf3z9+fBrOxC3fw71htjHP1BgXNISwRjdJtAKAmMe5S2BzgpnjkQR93P9EZYI/Q=="
    }
  }
}
